github.com/kvncrtr/dog v0.0.0-20240307133052-538cabb069b4 h1:H7nLYFOnRIZVSxNDouQFYYuxCVtBQuGI2gjr+H/KcbI=
github.com/kvncrtr/dog v0.0.0-20240307133052-538cabb069b4/go.mod h1:+tCett/jMkFJrIc7V5XBBYahoqlL52ldWrjzwtL7A9c=
github.com/kvncrtr/puppy v0.0.0-20240307023343-0e990ac4891c h1:sXdU6Tjw4nkBBdyXu4/6ybCc+cjLKiyqzJ972xNLD9I=
github.com/kvncrtr/puppy v0.0.0-20240307023343-0e990ac4891c/go.mod h1:WJFCjQFc2IAdRlPBYcnh2vfm1TaS8jCjwNjnYUmjqhQ=
github.com/kvncrtr/puppy v0.0.0-20240307133946-1a49ef23ed54 h1:ndFToL99mboIEIaB3j3cb5jKSOtBz2c26H/bWpi0qHs=
github.com/kvncrtr/puppy v0.0.0-20240307133946-1a49ef23ed54/go.mod h1:/XtTL9xtf2DECow3zR5wXc/rBk2kbbUwlTsD5JhzjHU=
